
Microsoft Visual Studio Solution File, Format Version 12.00
# Visual Studio Version 17
VisualStudioVersion = 17.0.31903.59
MinimumVisualStudioVersion = 10.0.40219.1
Project("{2150E333-8FDC-42A3-9474-1A3956D46DE8}") = "src", "src", "{827E0CD3-B72D-47B6-A68D-7590B98EB39B}"
EndProject
Project("{FAE04EC0-301F-11D3-BF4B-00C04F79EFBC}") = "Domain", "src\Domain\Domain.csproj", "{51E30335-9AF2-4218-8980-973C56AFBAF8}"
EndProject
Project("{FAE04EC0-301F-11D3-BF4B-00C04F79EFBC}") = "Application", "src\Application\Application.csproj", "{978FFBE4-F4D2-40DD-ADED-C001B2BB4451}"
EndProject
Project("{FAE04EC0-301F-11D3-BF4B-00C04F79EFBC}") = "Infrastructure", "src\Infrastructure\Infrastructure.csproj", "{CF619E7A-8CC3-4983-AA0F-5A87C296EF5A}"
EndProject
Project("{FAE04EC0-301F-11D3-BF4B-00C04F79EFBC}") = "Web", "src\Web\Web.csproj", "{4A77FA10-E351-4846-8AA1-A94E0E4EE4D3}"
EndProject
Project("{2150E333-8FDC-42A3-9474-1A3956D46DE8}") = "tests", "tests", "{0AB3BF05-4346-4AA6-1389-037BE0695223}"
EndProject
Project("{FAE04EC0-301F-11D3-BF4B-00C04F79EFBC}") = "Domain.Tests", "tests\Domain.Tests\Domain.Tests.csproj", "{658E4079-32BC-4977-86DB-4575E65C6CC2}"
EndProject
Project("{FAE04EC0-301F-11D3-BF4B-00C04F79EFBC}") = "Application.Tests", "tests\Application.Tests\Application.Tests.csproj", "{B2FE9942-EC2B-4604-89D6-FEE18B0FFDDC}"
EndProject
Project("{FAE04EC0-301F-11D3-BF4B-00C04F79EFBC}") = "IntegrationTests", "tests\IntegrationTests\IntegrationTests.csproj", "{060297BD-4C65-4924-A865-5BB7036606DD}"
EndProject
Project("{FAE04EC0-301F-11D3-BF4B-00C04F79EFBC}") = "Web.Tests", "tests\Web.Tests\Web.Tests.csproj", "{D3942C37-87A5-4CBB-800A-53EA962E73E1}"
EndProject
Project("{FAE04EC0-301F-11D3-BF4B-00C04F79EFBC}") = "Application.UnitTests", "src\Application.UnitTests\Application.UnitTests.csproj", "{9C549226-138F-41ED-B641-38FDE5DED97C}"
EndProject
Global
	GlobalSection(SolutionConfigurationPlatforms) = preSolution
		Debug|Any CPU = Debug|Any CPU
		Debug|x64 = Debug|x64
		Debug|x86 = Debug|x86
		Release|Any CPU = Release|Any CPU
		Release|x64 = Release|x64
		Release|x86 = Release|x86
	EndGlobalSection
	GlobalSection(ProjectConfigurationPlatforms) = postSolution
		{51E30335-9AF2-4218-8980-973C56AFBAF8}.Debug|Any CPU.ActiveCfg = Debug|Any CPU
		{51E30335-9AF2-4218-8980-973C56AFBAF8}.Debug|Any CPU.Build.0 = Debug|Any CPU
		{51E30335-9AF2-4218-8980-973C56AFBAF8}.Debug|x64.ActiveCfg = Debug|Any CPU
		{51E30335-9AF2-4218-8980-973C56AFBAF8}.Debug|x64.Build.0 = Debug|Any CPU
		{51E30335-9AF2-4218-8980-973C56AFBAF8}.Debug|x86.ActiveCfg = Debug|Any CPU
		{51E30335-9AF2-4218-8980-973C56AFBAF8}.Debug|x86.Build.0 = Debug|Any CPU
		{51E30335-9AF2-4218-8980-973C56AFBAF8}.Release|Any CPU.ActiveCfg = Release|Any CPU
		{51E30335-9AF2-4218-8980-973C56AFBAF8}.Release|Any CPU.Build.0 = Release|Any CPU
		{51E30335-9AF2-4218-8980-973C56AFBAF8}.Release|x64.ActiveCfg = Release|Any CPU
		{51E30335-9AF2-4218-8980-973C56AFBAF8}.Release|x64.Build.0 = Release|Any CPU
		{51E30335-9AF2-4218-8980-973C56AFBAF8}.Release|x86.ActiveCfg = Release|Any CPU
		{51E30335-9AF2-4218-8980-973C56AFBAF8}.Release|x86.Build.0 = Release|Any CPU
		{978FFBE4-F4D2-40DD-ADED-C001B2BB4451}.Debug|Any CPU.ActiveCfg = Debug|Any CPU
		{978FFBE4-F4D2-40DD-ADED-C001B2BB4451}.Debug|Any CPU.Build.0 = Debug|Any CPU
		{978FFBE4-F4D2-40DD-ADED-C001B2BB4451}.Debug|x64.ActiveCfg = Debug|Any CPU
		{978FFBE4-F4D2-40DD-ADED-C001B2BB4451}.Debug|x64.Build.0 = Debug|Any CPU
		{978FFBE4-F4D2-40DD-ADED-C001B2BB4451}.Debug|x86.ActiveCfg = Debug|Any CPU
		{978FFBE4-F4D2-40DD-ADED-C001B2BB4451}.Debug|x86.Build.0 = Debug|Any CPU
		{978FFBE4-F4D2-40DD-ADED-C001B2BB4451}.Release|Any CPU.ActiveCfg = Release|Any CPU
		{978FFBE4-F4D2-40DD-ADED-C001B2BB4451}.Release|Any CPU.Build.0 = Release|Any CPU
		{978FFBE4-F4D2-40DD-ADED-C001B2BB4451}.Release|x64.ActiveCfg = Release|Any CPU
		{978FFBE4-F4D2-40DD-ADED-C001B2BB4451}.Release|x64.Build.0 = Release|Any CPU
		{978FFBE4-F4D2-40DD-ADED-C001B2BB4451}.Release|x86.ActiveCfg = Release|Any CPU
		{978FFBE4-F4D2-40DD-ADED-C001B2BB4451}.Release|x86.Build.0 = Release|Any CPU
		{CF619E7A-8CC3-4983-AA0F-5A87C296EF5A}.Debug|Any CPU.ActiveCfg = Debug|Any CPU
		{CF619E7A-8CC3-4983-AA0F-5A87C296EF5A}.Debug|Any CPU.Build.0 = Debug|Any CPU
		{CF619E7A-8CC3-4983-AA0F-5A87C296EF5A}.Debug|x64.ActiveCfg = Debug|Any CPU
		{CF619E7A-8CC3-4983-AA0F-5A87C296EF5A}.Debug|x64.Build.0 = Debug|Any CPU
		{CF619E7A-8CC3-4983-AA0F-5A87C296EF5A}.Debug|x86.ActiveCfg = Debug|Any CPU
		{CF619E7A-8CC3-4983-AA0F-5A87C296EF5A}.Debug|x86.Build.0 = Debug|Any CPU
		{CF619E7A-8CC3-4983-AA0F-5A87C296EF5A}.Release|Any CPU.ActiveCfg = Release|Any CPU
		{CF619E7A-8CC3-4983-AA0F-5A87C296EF5A}.Release|Any CPU.Build.0 = Release|Any CPU
		{CF619E7A-8CC3-4983-AA0F-5A87C296EF5A}.Release|x64.ActiveCfg = Release|Any CPU
		{CF619E7A-8CC3-4983-AA0F-5A87C296EF5A}.Release|x64.Build.0 = Release|Any CPU
		{CF619E7A-8CC3-4983-AA0F-5A87C296EF5A}.Release|x86.ActiveCfg = Release|Any CPU
		{CF619E7A-8CC3-4983-AA0F-5A87C296EF5A}.Release|x86.Build.0 = Release|Any CPU
		{4A77FA10-E351-4846-8AA1-A94E0E4EE4D3}.Debug|Any CPU.ActiveCfg = Debug|Any CPU
		{4A77FA10-E351-4846-8AA1-A94E0E4EE4D3}.Debug|Any CPU.Build.0 = Debug|Any CPU
		{4A77FA10-E351-4846-8AA1-A94E0E4EE4D3}.Debug|x64.ActiveCfg = Debug|Any CPU
		{4A77FA10-E351-4846-8AA1-A94E0E4EE4D3}.Debug|x64.Build.0 = Debug|Any CPU
		{4A77FA10-E351-4846-8AA1-A94E0E4EE4D3}.Debug|x86.ActiveCfg = Debug|Any CPU
		{4A77FA10-E351-4846-8AA1-A94E0E4EE4D3}.Debug|x86.Build.0 = Debug|Any CPU
		{4A77FA10-E351-4846-8AA1-A94E0E4EE4D3}.Release|Any CPU.ActiveCfg = Release|Any CPU
		{4A77FA10-E351-4846-8AA1-A94E0E4EE4D3}.Release|Any CPU.Build.0 = Release|Any CPU
		{4A77FA10-E351-4846-8AA1-A94E0E4EE4D3}.Release|x64.ActiveCfg = Release|Any CPU
		{4A77FA10-E351-4846-8AA1-A94E0E4EE4D3}.Release|x64.Build.0 = Release|Any CPU
		{4A77FA10-E351-4846-8AA1-A94E0E4EE4D3}.Release|x86.ActiveCfg = Release|Any CPU
		{4A77FA10-E351-4846-8AA1-A94E0E4EE4D3}.Release|x86.Build.0 = Release|Any CPU
		{658E4079-32BC-4977-86DB-4575E65C6CC2}.Debug|Any CPU.ActiveCfg = Debug|Any CPU
		{658E4079-32BC-4977-86DB-4575E65C6CC2}.Debug|Any CPU.Build.0 = Debug|Any CPU
		{658E4079-32BC-4977-86DB-4575E65C6CC2}.Debug|x64.ActiveCfg = Debug|Any CPU
		{658E4079-32BC-4977-86DB-4575E65C6CC2}.Debug|x64.Build.0 = Debug|Any CPU
		{658E4079-32BC-4977-86DB-4575E65C6CC2}.Debug|x86.ActiveCfg = Debug|Any CPU
		{658E4079-32BC-4977-86DB-4575E65C6CC2}.Debug|x86.Build.0 = Debug|Any CPU
		{658E4079-32BC-4977-86DB-4575E65C6CC2}.Release|Any CPU.ActiveCfg = Release|Any CPU
		{658E4079-32BC-4977-86DB-4575E65C6CC2}.Release|Any CPU.Build.0 = Release|Any CPU
		{658E4079-32BC-4977-86DB-4575E65C6CC2}.Release|x64.ActiveCfg = Release|Any CPU
		{658E4079-32BC-4977-86DB-4575E65C6CC2}.Release|x64.Build.0 = Release|Any CPU
		{658E4079-32BC-4977-86DB-4575E65C6CC2}.Release|x86.ActiveCfg = Release|Any CPU
		{658E4079-32BC-4977-86DB-4575E65C6CC2}.Release|x86.Build.0 = Release|Any CPU
		{B2FE9942-EC2B-4604-89D6-FEE18B0FFDDC}.Debug|Any CPU.ActiveCfg = Debug|Any CPU
		{B2FE9942-EC2B-4604-89D6-FEE18B0FFDDC}.Debug|Any CPU.Build.0 = Debug|Any CPU
		{B2FE9942-EC2B-4604-89D6-FEE18B0FFDDC}.Debug|x64.ActiveCfg = Debug|Any CPU
		{B2FE9942-EC2B-4604-89D6-FEE18B0FFDDC}.Debug|x64.Build.0 = Debug|Any CPU
		{B2FE9942-EC2B-4604-89D6-FEE18B0FFDDC}.Debug|x86.ActiveCfg = Debug|Any CPU
		{B2FE9942-EC2B-4604-89D6-FEE18B0FFDDC}.Debug|x86.Build.0 = Debug|Any CPU
		{B2FE9942-EC2B-4604-89D6-FEE18B0FFDDC}.Release|Any CPU.ActiveCfg = Release|Any CPU
		{B2FE9942-EC2B-4604-89D6-FEE18B0FFDDC}.Release|Any CPU.Build.0 = Release|Any CPU
		{B2FE9942-EC2B-4604-89D6-FEE18B0FFDDC}.Release|x64.ActiveCfg = Release|Any CPU
		{B2FE9942-EC2B-4604-89D6-FEE18B0FFDDC}.Release|x64.Build.0 = Release|Any CPU
		{B2FE9942-EC2B-4604-89D6-FEE18B0FFDDC}.Release|x86.ActiveCfg = Release|Any CPU
		{B2FE9942-EC2B-4604-89D6-FEE18B0FFDDC}.Release|x86.Build.0 = Release|Any CPU
		{060297BD-4C65-4924-A865-5BB7036606DD}.Debug|Any CPU.ActiveCfg = Debug|Any CPU
		{060297BD-4C65-4924-A865-5BB7036606DD}.Debug|Any CPU.Build.0 = Debug|Any CPU
		{060297BD-4C65-4924-A865-5BB7036606DD}.Debug|x64.ActiveCfg = Debug|Any CPU
		{060297BD-4C65-4924-A865-5BB7036606DD}.Debug|x64.Build.0 = Debug|Any CPU
		{060297BD-4C65-4924-A865-5BB7036606DD}.Debug|x86.ActiveCfg = Debug|Any CPU
		{060297BD-4C65-4924-A865-5BB7036606DD}.Debug|x86.Build.0 = Debug|Any CPU
		{060297BD-4C65-4924-A865-5BB7036606DD}.Release|Any CPU.ActiveCfg = Release|Any CPU
		{060297BD-4C65-4924-A865-5BB7036606DD}.Release|Any CPU.Build.0 = Release|Any CPU
		{060297BD-4C65-4924-A865-5BB7036606DD}.Release|x64.ActiveCfg = Release|Any CPU
		{060297BD-4C65-4924-A865-5BB7036606DD}.Release|x64.Build.0 = Release|Any CPU
		{060297BD-4C65-4924-A865-5BB7036606DD}.Release|x86.ActiveCfg = Release|Any CPU
		{060297BD-4C65-4924-A865-5BB7036606DD}.Release|x86.Build.0 = Release|Any CPU
		{D3942C37-87A5-4CBB-800A-53EA962E73E1}.Debug|Any CPU.ActiveCfg = Debug|Any CPU
		{D3942C37-87A5-4CBB-800A-53EA962E73E1}.Debug|Any CPU.Build.0 = Debug|Any CPU
		{D3942C37-87A5-4CBB-800A-53EA962E73E1}.Debug|x64.ActiveCfg = Debug|Any CPU
		{D3942C37-87A5-4CBB-800A-53EA962E73E1}.Debug|x64.Build.0 = Debug|Any CPU
		{D3942C37-87A5-4CBB-800A-53EA962E73E1}.Debug|x86.ActiveCfg = Debug|Any CPU
		{D3942C37-87A5-4CBB-800A-53EA962E73E1}.Debug|x86.Build.0 = Debug|Any CPU
		{D3942C37-87A5-4CBB-800A-53EA962E73E1}.Release|Any CPU.ActiveCfg = Release|Any CPU
		{D3942C37-87A5-4CBB-800A-53EA962E73E1}.Release|Any CPU.Build.0 = Release|Any CPU
		{D3942C37-87A5-4CBB-800A-53EA962E73E1}.Release|x64.ActiveCfg = Release|Any CPU
		{D3942C37-87A5-4CBB-800A-53EA962E73E1}.Release|x64.Build.0 = Release|Any CPU
		{D3942C37-87A5-4CBB-800A-53EA962E73E1}.Release|x86.ActiveCfg = Release|Any CPU
		{D3942C37-87A5-4CBB-800A-53EA962E73E1}.Release|x86.Build.0 = Release|Any CPU
		{9C549226-138F-41ED-B641-38FDE5DED97C}.Debug|Any CPU.ActiveCfg = Debug|Any CPU
		{9C549226-138F-41ED-B641-38FDE5DED97C}.Debug|Any CPU.Build.0 = Debug|Any CPU
		{9C549226-138F-41ED-B641-38FDE5DED97C}.Debug|x64.ActiveCfg = Debug|Any CPU
		{9C549226-138F-41ED-B641-38FDE5DED97C}.Debug|x64.Build.0 = Debug|Any CPU
		{9C549226-138F-41ED-B641-38FDE5DED97C}.Debug|x86.ActiveCfg = Debug|Any CPU
		{9C549226-138F-41ED-B641-38FDE5DED97C}.Debug|x86.Build.0 = Debug|Any CPU
		{9C549226-138F-41ED-B641-38FDE5DED97C}.Release|Any CPU.ActiveCfg = Release|Any CPU
		{9C549226-138F-41ED-B641-38FDE5DED97C}.Release|Any CPU.Build.0 = Release|Any CPU
		{9C549226-138F-41ED-B641-38FDE5DED97C}.Release|x64.ActiveCfg = Release|Any CPU
		{9C549226-138F-41ED-B641-38FDE5DED97C}.Release|x64.Build.0 = Release|Any CPU
		{9C549226-138F-41ED-B641-38FDE5DED97C}.Release|x86.ActiveCfg = Release|Any CPU
		{9C549226-138F-41ED-B641-38FDE5DED97C}.Release|x86.Build.0 = Release|Any CPU
	EndGlobalSection
	GlobalSection(SolutionProperties) = preSolution
		HideSolutionNode = FALSE
	EndGlobalSection
	GlobalSection(NestedProjects) = preSolution
		{51E30335-9AF2-4218-8980-973C56AFBAF8} = {827E0CD3-B72D-47B6-A68D-7590B98EB39B}
		{978FFBE4-F4D2-40DD-ADED-C001B2BB4451} = {827E0CD3-B72D-47B6-A68D-7590B98EB39B}
		{CF619E7A-8CC3-4983-AA0F-5A87C296EF5A} = {827E0CD3-B72D-47B6-A68D-7590B98EB39B}
		{4A77FA10-E351-4846-8AA1-A94E0E4EE4D3} = {827E0CD3-B72D-47B6-A68D-7590B98EB39B}
		{658E4079-32BC-4977-86DB-4575E65C6CC2} = {0AB3BF05-4346-4AA6-1389-037BE0695223}
		{B2FE9942-EC2B-4604-89D6-FEE18B0FFDDC} = {0AB3BF05-4346-4AA6-1389-037BE0695223}
		{060297BD-4C65-4924-A865-5BB7036606DD} = {0AB3BF05-4346-4AA6-1389-037BE0695223}
		{D3942C37-87A5-4CBB-800A-53EA962E73E1} = {0AB3BF05-4346-4AA6-1389-037BE0695223}
		{9C549226-138F-41ED-B641-38FDE5DED97C} = {827E0CD3-B72D-47B6-A68D-7590B98EB39B}
	EndGlobalSection
EndGlobal
